{
  "pins" : [
    {
      "identity" : "pipelinehelpers",
      "kind" : "remoteSourceControl",
      "location" : "https://github.com/dsward2/PipelineHelpers",
      "state" : {
        "branch" : "main",
        "revision" : "f9d543cf30f593b05792dd609f05a59b50a35539"
      }
    }
  ],
  "version" : 2
}
